
Microsoft Visual Studio Solution File, Format Version 12.00
# Visual Studio Version 16
VisualStudioVersion = 16.0.29411.108
MinimumVisualStudioVersion = 10.0.40219.1
Project("{FAE04EC0-301F-11D3-BF4B-00C04F79EFBC}") = "MeetingGenerator", "MeetingGenerator\MeetingGenerator.csproj", "{E371A950-19AA-48B5-8517-9CC248CBB657}"
EndProject
Global
	GlobalSection(SolutionConfigurationPlatforms) = preSolution
		Debug|Any CPU = Debug|Any CPU
		Release|Any CPU = Release|Any CPU
	EndGlobalSection
	GlobalSection(ProjectConfigurationPlatforms) = postSolution
		{E371A950-19AA-48B5-8517-9CC248CBB657}.Debug|Any CPU.ActiveCfg = Debug|Any CPU
		{E371A950-19AA-48B5-8517-9CC248CBB657}.Debug|Any CPU.Build.0 = Debug|Any CPU
		{E371A950-19AA-48B5-8517-9CC248CBB657}.Release|Any CPU.ActiveCfg = Release|Any CPU
		{E371A950-19AA-48B5-8517-9CC248CBB657}.Release|Any CPU.Build.0 = Release|Any CPU
	EndGlobalSection
	GlobalSection(SolutionProperties) = preSolution
		HideSolutionNode = FALSE
	EndGlobalSection
	GlobalSection(ExtensibilityGlobals) = postSolution
		SolutionGuid = {205317F1-15C1-4E59-BA15-B198E428DFD0}
	EndGlobalSection
EndGlobal
