
Microsoft Visual Studio Solution File, Format Version 12.00
# Visual Studio Version 17
VisualStudioVersion = 17.11.35327.3
MinimumVisualStudioVersion = 10.0.40219.1
Project("{9A19103F-16F7-4668-BE54-9A1E7A4F7556}") = "MeetingGenerator", "MeetingGenerator\MeetingGenerator.csproj", "{E371A950-19AA-48B5-8517-9CC248CBB657}"
EndProject
Project("{E53339B2-1760-4266-BCC7-CA923CBCF16C}") = "docker-compose", "docker-compose.dcproj", "{DD471B42-D550-4346-8C40-6EB0E80DDB55}"
EndProject
Global
	GlobalSection(SolutionConfigurationPlatforms) = preSolution
		Debug|Any CPU = Debug|Any CPU
		Release|Any CPU = Release|Any CPU
	EndGlobalSection
	GlobalSection(ProjectConfigurationPlatforms) = postSolution
		{E371A950-19AA-48B5-8517-9CC248CBB657}.Debug|Any CPU.ActiveCfg = Debug|Any CPU
		{E371A950-19AA-48B5-8517-9CC248CBB657}.Debug|Any CPU.Build.0 = Debug|Any CPU
		{E371A950-19AA-48B5-8517-9CC248CBB657}.Release|Any CPU.ActiveCfg = Release|Any CPU
		{E371A950-19AA-48B5-8517-9CC248CBB657}.Release|Any CPU.Build.0 = Release|Any CPU
		{DD471B42-D550-4346-8C40-6EB0E80DDB55}.Debug|Any CPU.ActiveCfg = Debug|Any CPU
		{DD471B42-D550-4346-8C40-6EB0E80DDB55}.Debug|Any CPU.Build.0 = Debug|Any CPU
		{DD471B42-D550-4346-8C40-6EB0E80DDB55}.Release|Any CPU.ActiveCfg = Release|Any CPU
		{DD471B42-D550-4346-8C40-6EB0E80DDB55}.Release|Any CPU.Build.0 = Release|Any CPU
	EndGlobalSection
	GlobalSection(SolutionProperties) = preSolution
		HideSolutionNode = FALSE
	EndGlobalSection
	GlobalSection(ExtensibilityGlobals) = postSolution
		SolutionGuid = {205317F1-15C1-4E59-BA15-B198E428DFD0}
	EndGlobalSection
EndGlobal
